
Microsoft Visual Studio Solution File, Format Version 12.00
# Visual Studio Version 16
VisualStudioVersion = 16.0.30225.117
MinimumVisualStudioVersion = 10.0.40219.1
Project("{FAE04EC0-301F-11D3-BF4B-00C04F79EFBC}") = "DesignPattern", "DesignPattern.csproj", "{5FA05C2E-820D-4E0D-A33C-9D422776CA46}"
EndProject
Global
	GlobalSection(SolutionConfigurationPlatforms) = preSolution
		Debug|Any CPU = Debug|Any CPU
		Release|Any CPU = Release|Any CPU
	EndGlobalSection
	GlobalSection(ProjectConfigurationPlatforms) = postSolution
		{5FA05C2E-820D-4E0D-A33C-9D422776CA46}.Debug|Any CPU.ActiveCfg = Debug|Any CPU
		{5FA05C2E-820D-4E0D-A33C-9D422776CA46}.Debug|Any CPU.Build.0 = Debug|Any CPU
		{5FA05C2E-820D-4E0D-A33C-9D422776CA46}.Release|Any CPU.ActiveCfg = Release|Any CPU
		{5FA05C2E-820D-4E0D-A33C-9D422776CA46}.Release|Any CPU.Build.0 = Release|Any CPU
	EndGlobalSection
	GlobalSection(SolutionProperties) = preSolution
		HideSolutionNode = FALSE
	EndGlobalSection
	GlobalSection(ExtensibilityGlobals) = postSolution
		SolutionGuid = {9EAEE53D-F070-4413-83D5-7271C6F5971E}
	EndGlobalSection
EndGlobal
